// !$*UTF8*$!
{
	archiveVersion = 1;
	classes = {
	};
	objectVersion = 46;
	objects = {

/* Begin PBXBuildFile section */
		6D7628C71F4C242500D97DCB /* main.m in Sources */ = {isa = PBXBuildFile; fileRef = 6D7628C61F4C242500D97DCB /* main.m */; };
		6D7628CA1F4C242500D97DCB /* AppDelegate.m in Sources */ = {isa = PBXBuildFile; fileRef = 6D7628C91F4C242500D97DCB /* AppDelegate.m */; };
		6D7628CD1F4C242500D97DCB /* ViewController.m in Sources */ = {isa = PBXBuildFile; fileRef = 6D7628CC1F4C242500D97DCB /* ViewController.m */; };
		6D7628D01F4C242500D97DCB /* Main.storyboard in Resources */ = {isa = PBXBuildFile; fileRef = 6D7628CE1F4C242500D97DCB /* Main.storyboard */; };
		6D7628D21F4C242500D97DCB /* Assets.xcassets in Resources */ = {isa = PBXBuildFile; fileRef = 6D7628D11F4C242500D97DCB /* Assets.xcassets */; };
		6D7628D51F4C242500D97DCB /* LaunchScreen.storyboard in Resources */ = {isa = PBXBuildFile; fileRef = 6D7628D31F4C242500D97DCB /* LaunchScreen.storyboard */; };
		6D7628E01F4C242600D97DCB /* GoodsDetailDemoTests.m in Sources */ = {isa = PBXBuildFile; fileRef = 6D7628DF1F4C242600D97DCB /* GoodsDetailDemoTests.m */; };
		6D7628EB1F4C242600D97DCB /* GoodsDetailDemoUITests.m in Sources */ = {isa = PBXBuildFile; fileRef = 6D7628EA1F4C242600D97DCB /* GoodsDetailDemoUITests.m */; };
		6D7628FB1F4C271B00D97DCB /* ShopDetailController.m in Sources */ = {isa = PBXBuildFile; fileRef = 6D7628F91F4C271B00D97DCB /* ShopDetailController.m */; };
		6D7628FC1F4C271B00D97DCB /* ShopDetailController.xib in Resources */ = {isa = PBXBuildFile; fileRef = 6D7628FA1F4C271B00D97DCB /* ShopDetailController.xib */; };
		6D7628FF1F4C288300D97DCB /* CXWebView.m in Sources */ = {isa = PBXBuildFile; fileRef = 6D7628FE1F4C288300D97DCB /* CXWebView.m */; };
		6D7629021F4C28B800D97DCB /* FPCycleScrollView.m in Sources */ = {isa = PBXBuildFile; fileRef = 6D7629011F4C28B800D97DCB /* FPCycleScrollView.m */; };
		6D7629081F4C2A5F00D97DCB /* UIColor+Hex.m in Sources */ = {isa = PBXBuildFile; fileRef = 6D7629071F4C2A5F00D97DCB /* UIColor+Hex.m */; };
		6D76290B1F4C3EE500D97DCB /* CustomNavView.m in Sources */ = {isa = PBXBuildFile; fileRef = 6D76290A1F4C3EE500D97DCB /* CustomNavView.m */; };
		89E1754A78AA3A4385B37B6F /* libPods-GoodsDetailDemoTests.a in Frameworks */ = {isa = PBXBuildFile; fileRef = 84B59008D98B1947409E6C06 /* libPods-GoodsDetailDemoTests.a */; };
		DD3228E3E0625BB7A6DB3830 /* libPods-GoodsDetailDemoUITests.a in Frameworks */ = {isa = PBXBuildFile; fileRef = EFF75DCCA1520E0C184DAC13 /* libPods-GoodsDetailDemoUITests.a */; };
		DEE5521C6AA6B080F123E444 /* libPods-GoodsDetailDemo.a in Frameworks */ = {isa = PBXBuildFile; fileRef = E670B0205DC930415E4C9E1F /* libPods-GoodsDetailDemo.a */; };
/* End PBXBuildFile section */

/* Begin PBXContainerItemProxy section */
		6D7628DC1F4C242500D97DCB /* PBXContainerItemProxy */ = {
			isa = PBXContainerItemProxy;
			containerPortal = 6D7628BA1F4C242300D97DCB /* Project object */;
			proxyType = 1;
			remoteGlobalIDString = 6D7628C11F4C242400D97DCB;
			remoteInfo = GoodsDetailDemo;
		};
		6D7628E71F4C242600D97DCB /* PBXContainerItemProxy */ = {
			isa = PBXContainerItemProxy;
			containerPortal = 6D7628BA1F4C242300D97DCB /* Project object */;
			proxyType = 1;
			remoteGlobalIDString = 6D7628C11F4C242400D97DCB;
			remoteInfo = GoodsDetailDemo;
		};
/* End PBXContainerItemProxy section */

/* Begin PBXFileReference section */
		0E845D46728E8FD71430B3CB /* Pods-GoodsDetailDemoTests.debug.xcconfig */ = {isa = PBXFileReference; includeInIndex = 1; lastKnownFileType = text.xcconfig; name = "Pods-GoodsDetailDemoTests.debug.xcconfig"; path = "Pods/Target Support Files/Pods-GoodsDetailDemoTests/Pods-GoodsDetailDemoTests.debug.xcconfig"; sourceTree = "<group>"; };
		1612566B894548F27C250943 /* Pods-GoodsDetailDemo.debug.xcconfig */ = {isa = PBXFileReference; includeInIndex = 1; lastKnownFileType = text.xcconfig; name = "Pods-GoodsDetailDemo.debug.xcconfig"; path = "Pods/Target Support Files/Pods-GoodsDetailDemo/Pods-GoodsDetailDemo.debug.xcconfig"; sourceTree = "<group>"; };
		23A4D43BC79D3A53F70B4CD1 /* Pods-GoodsDetailDemoTests.release.xcconfig */ = {isa = PBXFileReference; includeInIndex = 1; lastKnownFileType = text.xcconfig; name = "Pods-GoodsDetailDemoTests.release.xcconfig"; path = "Pods/Target Support Files/Pods-GoodsDetailDemoTests/Pods-GoodsDetailDemoTests.release.xcconfig"; sourceTree = "<group>"; };
		32422D9B5B7F3B758B57E801 /* Pods-GoodsDetailDemo.release.xcconfig */ = {isa = PBXFileReference; includeInIndex = 1; lastKnownFileType = text.xcconfig; name = "Pods-GoodsDetailDemo.release.xcconfig"; path = "Pods/Target Support Files/Pods-GoodsDetailDemo/Pods-GoodsDetailDemo.release.xcconfig"; sourceTree = "<group>"; };
		6D7628C21F4C242500D97DCB /* GoodsDetailDemo.app */ = {isa = PBXFileReference; explicitFileType = wrapper.application; includeInIndex = 0; path = GoodsDetailDemo.app; sourceTree = BUILT_PRODUCTS_DIR; };
		6D7628C61F4C242500D97DCB /* main.m */ = {isa = PBXFileReference; lastKnownFileType = sourcecode.c.objc; path = main.m; sourceTree = "<group>"; };
		6D7628C81F4C242500D97DCB /* AppDelegate.h */ = {isa = PBXFileReference; lastKnownFileType = sourcecode.c.h; path = AppDelegate.h; sourceTree = "<group>"; };
		6D7628C91F4C242500D97DCB /* AppDelegate.m */ = {isa = PBXFileReference; lastKnownFileType = sourcecode.c.objc; path = AppDelegate.m; sourceTree = "<group>"; };
		6D7628CB1F4C242500D97DCB /* ViewController.h */ = {isa = PBXFileReference; lastKnownFileType = sourcecode.c.h; path = ViewController.h; sourceTree = "<group>"; };
		6D7628CC1F4C242500D97DCB /* ViewController.m */ = {isa = PBXFileReference; lastKnownFileType = sourcecode.c.objc; path = ViewController.m; sourceTree = "<group>"; };
		6D7628CF1F4C242500D97DCB /* Base */ = {isa = PBXFileReference; lastKnownFileType = file.storyboard; name = Base; path = Base.lproj/Main.storyboard; sourceTree = "<group>"; };
		6D7628D11F4C242500D97DCB /* Assets.xcassets */ = {isa = PBXFileReference; lastKnownFileType = folder.assetcatalog; path = Assets.xcassets; sourceTree = "<group>"; };
		6D7628D41F4C242500D97DCB /* Base */ = {isa = PBXFileReference; lastKnownFileType = file.storyboard; name = Base; path = Base.lproj/LaunchScreen.storyboard; sourceTree = "<group>"; };
		6D7628D61F4C242500D97DCB /* Info.plist */ = {isa = PBXFileReference; lastKnownFileType = text.plist.xml; path = Info.plist; sourceTree = "<group>"; };
		6D7628DB1F4C242500D97DCB /* GoodsDetailDemoTests.xctest */ = {isa = PBXFileReference; explicitFileType = wrapper.cfbundle; includeInIndex = 0; path = GoodsDetailDemoTests.xctest; sourceTree = BUILT_PRODUCTS_DIR; };
		6D7628DF1F4C242600D97DCB /* GoodsDetailDemoTests.m */ = {isa = PBXFileReference; lastKnownFileType = sourcecode.c.objc; path = GoodsDetailDemoTests.m; sourceTree = "<group>"; };
		6D7628E11F4C242600D97DCB /* Info.plist */ = {isa = PBXFileReference; lastKnownFileType = text.plist.xml; path = Info.plist; sourceTree = "<group>"; };
		6D7628E61F4C242600D97DCB /* GoodsDetailDemoUITests.xctest */ = {isa = PBXFileReference; explicitFileType = wrapper.cfbundle; includeInIndex = 0; path = GoodsDetailDemoUITests.xctest; sourceTree = BUILT_PRODUCTS_DIR; };
		6D7628EA1F4C242600D97DCB /* GoodsDetailDemoUITests.m */ = {isa = PBXFileReference; lastKnownFileType = sourcecode.c.objc; path = GoodsDetailDemoUITests.m; sourceTree = "<group>"; };
		6D7628EC1F4C242600D97DCB /* Info.plist */ = {isa = PBXFileReference; lastKnownFileType = text.plist.xml; path = Info.plist; sourceTree = "<group>"; };
		6D7628F81F4C271B00D97DCB /* ShopDetailController.h */ = {isa = PBXFileReference; fileEncoding = 4; lastKnownFileType = sourcecode.c.h; path = ShopDetailController.h; sourceTree = "<group>"; };
		6D7628F91F4C271B00D97DCB /* ShopDetailController.m */ = {isa = PBXFileReference; fileEncoding = 4; lastKnownFileType = sourcecode.c.objc; path = ShopDetailController.m; sourceTree = "<group>"; };
		6D7628FA1F4C271B00D97DCB /* ShopDetailController.xib */ = {isa = PBXFileReference; fileEncoding = 4; lastKnownFileType = file.xib; path = ShopDetailController.xib; sourceTree = "<group>"; };
		6D7628FD1F4C288300D97DCB /* CXWebView.h */ = {isa = PBXFileReference; fileEncoding = 4; lastKnownFileType = sourcecode.c.h; path = CXWebView.h; sourceTree = "<group>"; };
		6D7628FE1F4C288300D97DCB /* CXWebView.m */ = {isa = PBXFileReference; fileEncoding = 4; lastKnownFileType = sourcecode.c.objc; path = CXWebView.m; sourceTree = "<group>"; };
		6D7629001F4C28B800D97DCB /* FPCycleScrollView.h */ = {isa = PBXFileReference; fileEncoding = 4; lastKnownFileType = sourcecode.c.h; path = FPCycleScrollView.h; sourceTree = "<group>"; };
		6D7629011F4C28B800D97DCB /* FPCycleScrollView.m */ = {isa = PBXFileReference; fileEncoding = 4; lastKnownFileType = sourcecode.c.objc; path = FPCycleScrollView.m; sourceTree = "<group>"; };
		6D7629061F4C2A5F00D97DCB /* UIColor+Hex.h */ = {isa = PBXFileReference; fileEncoding = 4; lastKnownFileType = sourcecode.c.h; path = "UIColor+Hex.h"; sourceTree = "<group>"; };
		6D7629071F4C2A5F00D97DCB /* UIColor+Hex.m */ = {isa = PBXFileReference; fileEncoding = 4; lastKnownFileType = sourcecode.c.objc; path = "UIColor+Hex.m"; sourceTree = "<group>"; };
		6D7629091F4C3EE500D97DCB /* CustomNavView.h */ = {isa = PBXFileReference; fileEncoding = 4; lastKnownFileType = sourcecode.c.h; path = CustomNavView.h; sourceTree = "<group>"; };
		6D76290A1F4C3EE500D97DCB /* CustomNavView.m */ = {isa = PBXFileReference; fileEncoding = 4; lastKnownFileType = sourcecode.c.objc; path = CustomNavView.m; sourceTree = "<group>"; };
		77F5D464C59E629DDD9BDD26 /* Pods-GoodsDetailDemoUITests.release.xcconfig */ = {isa = PBXFileReference; includeInIndex = 1; lastKnownFileType = text.xcconfig; name = "Pods-GoodsDetailDemoUITests.release.xcconfig"; path = "Pods/Target Support Files/Pods-GoodsDetailDemoUITests/Pods-GoodsDetailDemoUITests.release.xcconfig"; sourceTree = "<group>"; };
		84B59008D98B1947409E6C06 /* libPods-GoodsDetailDemoTests.a */ = {isa = PBXFileReference; explicitFileType = archive.ar; includeInIndex = 0; path = "libPods-GoodsDetailDemoTests.a"; sourceTree = BUILT_PRODUCTS_DIR; };
		C24AA9D7195491B796DAA5BC /* Pods-GoodsDetailDemoUITests.debug.xcconfig */ = {isa = PBXFileReference; includeInIndex = 1; lastKnownFileType = text.xcconfig; name = "Pods-GoodsDetailDemoUITests.debug.xcconfig"; path = "Pods/Target Support Files/Pods-GoodsDetailDemoUITests/Pods-GoodsDetailDemoUITests.debug.xcconfig"; sourceTree = "<group>"; };
		E670B0205DC930415E4C9E1F /* libPods-GoodsDetailDemo.a */ = {isa = PBXFileReference; explicitFileType = archive.ar; includeInIndex = 0; path = "libPods-GoodsDetailDemo.a"; sourceTree = BUILT_PRODUCTS_DIR; };
		EFF75DCCA1520E0C184DAC13 /* libPods-GoodsDetailDemoUITests.a */ = {isa = PBXFileReference; explicitFileType = archive.ar; includeInIndex = 0; path = "libPods-GoodsDetailDemoUITests.a"; sourceTree = BUILT_PRODUCTS_DIR; };
/* End PBXFileReference section */

/* Begin PBXFrameworksBuildPhase section */
		6D7628BF1F4C242400D97DCB /* Frameworks */ = {
			isa = PBXFrameworksBuildPhase;
			buildActionMask = 2147483647;
			files = (
				DEE5521C6AA6B080F123E444 /* libPods-GoodsDetailDemo.a in Frameworks */,
			);
			runOnlyForDeploymentPostprocessing = 0;
		};
		6D7628D81F4C242500D97DCB /* Frameworks */ = {
			isa = PBXFrameworksBuildPhase;
			buildActionMask = 2147483647;
			files = (
				89E1754A78AA3A4385B37B6F /* libPods-GoodsDetailDemoTests.a in Frameworks */,
			);
			runOnlyForDeploymentPostprocessing = 0;
		};
		6D7628E31F4C242600D97DCB /* Frameworks */ = {
			isa = PBXFrameworksBuildPhase;
			buildActionMask = 2147483647;
			files = (
				DD3228E3E0625BB7A6DB3830 /* libPods-GoodsDetailDemoUITests.a in Frameworks */,
			);
			runOnlyForDeploymentPostprocessing = 0;
		};
/* End PBXFrameworksBuildPhase section */

/* Begin PBXGroup section */
		6CE4BBCB28104A8A0FEC9FF8 /* Pods */ = {
			isa = PBXGroup;
			children = (
				1612566B894548F27C250943 /* Pods-GoodsDetailDemo.debug.xcconfig */,
				32422D9B5B7F3B758B57E801 /* Pods-GoodsDetailDemo.release.xcconfig */,
				0E845D46728E8FD71430B3CB /* Pods-GoodsDetailDemoTests.debug.xcconfig */,
				23A4D43BC79D3A53F70B4CD1 /* Pods-GoodsDetailDemoTests.release.xcconfig */,
				C24AA9D7195491B796DAA5BC /* Pods-GoodsDetailDemoUITests.debug.xcconfig */,
				77F5D464C59E629DDD9BDD26 /* Pods-GoodsDetailDemoUITests.release.xcconfig */,
			);
			name = Pods;
			sourceTree = "<group>";
		};
		6D7628B91F4C242300D97DCB = {
			isa = PBXGroup;
			children = (
				6D7628C41F4C242500D97DCB /* GoodsDetailDemo */,
				6D7628DE1F4C242600D97DCB /* GoodsDetailDemoTests */,
				6D7628E91F4C242600D97DCB /* GoodsDetailDemoUITests */,
				6D7628C31F4C242500D97DCB /* Products */,
				6CE4BBCB28104A8A0FEC9FF8 /* Pods */,
				80660322517AC0E3E85B5CFF /* Frameworks */,
			);
			sourceTree = "<group>";
		};
		6D7628C31F4C242500D97DCB /* Products */ = {
			isa = PBXGroup;
			children = (
				6D7628C21F4C242500D97DCB /* GoodsDetailDemo.app */,
				6D7628DB1F4C242500D97DCB /* GoodsDetailDemoTests.xctest */,
				6D7628E61F4C242600D97DCB /* GoodsDetailDemoUITests.xctest */,
			);
			name = Products;
			sourceTree = "<group>";
		};
		6D7628C41F4C242500D97DCB /* GoodsDetailDemo */ = {
			isa = PBXGroup;
			children = (
				6D7629061F4C2A5F00D97DCB /* UIColor+Hex.h */,
				6D7629071F4C2A5F00D97DCB /* UIColor+Hex.m */,
				6D7628C81F4C242500D97DCB /* AppDelegate.h */,
				6D7628C91F4C242500D97DCB /* AppDelegate.m */,
				6D7628CB1F4C242500D97DCB /* ViewController.h */,
				6D7628CC1F4C242500D97DCB /* ViewController.m */,
				6D7628F81F4C271B00D97DCB /* ShopDetailController.h */,
				6D7628F91F4C271B00D97DCB /* ShopDetailController.m */,
				6D7628FA1F4C271B00D97DCB /* ShopDetailController.xib */,
				6D7629091F4C3EE500D97DCB /* CustomNavView.h */,
				6D76290A1F4C3EE500D97DCB /* CustomNavView.m */,
				6D7629001F4C28B800D97DCB /* FPCycleScrollView.h */,
				6D7629011F4C28B800D97DCB /* FPCycleScrollView.m */,
				6D7628FD1F4C288300D97DCB /* CXWebView.h */,
				6D7628FE1F4C288300D97DCB /* CXWebView.m */,
				6D7628CE1F4C242500D97DCB /* Main.storyboard */,
				6D7628D11F4C242500D97DCB /* Assets.xcassets */,
				6D7628D31F4C242500D97DCB /* LaunchScreen.storyboard */,
				6D7628D61F4C242500D97DCB /* Info.plist */,
				6D7628C51F4C242500D97DCB /* Supporting Files */,
			);
			path = GoodsDetailDemo;
			sourceTree = "<group>";
		};
		6D7628C51F4C242500D97DCB /* Supporting Files */ = {
			isa = PBXGroup;
			children = (
				6D7628C61F4C242500D97DCB /* main.m */,
			);
			name = "Supporting Files";
			sourceTree = "<group>";
		};
		6D7628DE1F4C242600D97DCB /* GoodsDetailDemoTests */ = {
			isa = PBXGroup;
			children = (
				6D7628DF1F4C242600D97DCB /* GoodsDetailDemoTests.m */,
				6D7628E11F4C242600D97DCB /* Info.plist */,
			);
			path = GoodsDetailDemoTests;
			sourceTree = "<group>";
		};
		6D7628E91F4C242600D97DCB /* GoodsDetailDemoUITests */ = {
			isa = PBXGroup;
			children = (
				6D7628EA1F4C242600D97DCB /* GoodsDetailDemoUITests.m */,
				6D7628EC1F4C242600D97DCB /* Info.plist */,
			);
			path = GoodsDetailDemoUITests;
			sourceTree = "<group>";
		};
		80660322517AC0E3E85B5CFF /* Frameworks */ = {
			isa = PBXGroup;
			children = (
				E670B0205DC930415E4C9E1F /* libPods-GoodsDetailDemo.a */,
				84B59008D98B1947409E6C06 /* libPods-GoodsDetailDemoTests.a */,
				EFF75DCCA1520E0C184DAC13 /* libPods-GoodsDetailDemoUITests.a */,
			);
			name = Frameworks;
			sourceTree = "<group>";
		};
/* End PBXGroup section */

/* Begin PBXNativeTarget section */
		6D7628C11F4C242400D97DCB /* GoodsDetailDemo */ = {
			isa = PBXNativeTarget;
			buildConfigurationList = 6D7628EF1F4C242600D97DCB /* Build configuration list for PBXNativeTarget "GoodsDetailDemo" */;
			buildPhases = (
				F4D743B5FBFA326CED11319D /* [CP] Check Pods Manifest.lock */,
				6D7628BE1F4C242400D97DCB /* Sources */,
				6D7628BF1F4C242400D97DCB /* Frameworks */,
				6D7628C01F4C242400D97DCB /* Resources */,
				B9B9216627A0D9E7F6A06A68 /* [CP] Embed Pods Frameworks */,
				B11307AD25B1E6070F2CBBB3 /* [CP] Copy Pods Resources */,
			);
			buildRules = (
			);
			dependencies = (
			);
			name = GoodsDetailDemo;
			productName = GoodsDetailDemo;
			productReference = 6D7628C21F4C242500D97DCB /* GoodsDetailDemo.app */;
			productType = "com.apple.product-type.application";
		};
		6D7628DA1F4C242500D97DCB /* GoodsDetailDemoTests */ = {
			isa = PBXNativeTarget;
			buildConfigurationList = 6D7628F21F4C242600D97DCB /* Build configuration list for PBXNativeTarget "GoodsDetailDemoTests" */;
			buildPhases = (
				CDC5D8071FF69FF5086A9C4B /* [CP] Check Pods Manifest.lock */,
				6D7628D71F4C242500D97DCB /* Sources */,
				6D7628D81F4C242500D97DCB /* Frameworks */,
				6D7628D91F4C242500D97DCB /* Resources */,
				E5D999B7729CB4644181B89C /* [CP] Embed Pods Frameworks */,
				66A16274CE4748F598F5F0E0 /* [CP] Copy Pods Resources */,
			);
			buildRules = (
			);
			dependencies = (
				6D7628DD1F4C242500D97DCB /* PBXTargetDependency */,
			);
			name = GoodsDetailDemoTests;
			productName = GoodsDetailDemoTests;
			productReference = 6D7628DB1F4C242500D97DCB /* GoodsDetailDemoTests.xctest */;
			productType = "com.apple.product-type.bundle.unit-test";
		};
		6D7628E51F4C242600D97DCB /* GoodsDetailDemoUITests */ = {
			isa = PBXNativeTarget;
			buildConfigurationList = 6D7628F51F4C242600D97DCB /* Build configuration list for PBXNativeTarget "GoodsDetailDemoUITests" */;
			buildPhases = (
				23E8D5CF9A8AC2F2F324BF41 /* [CP] Check Pods Manifest.lock */,
				6D7628E21F4C242600D97DCB /* Sources */,
				6D7628E31F4C242600D97DCB /* Frameworks */,
				6D7628E41F4C242600D97DCB /* Resources */,
				EC5FB08372AE5FB8EAFC1BE6 /* [CP] Embed Pods Frameworks */,
				8CEAFDF97FC210E4B1BDF49C /* [CP] Copy Pods Resources */,
			);
			buildRules = (
			);
			dependencies = (
				6D7628E81F4C242600D97DCB /* PBXTargetDependency */,
			);
			name = GoodsDetailDemoUITests;
			productName = GoodsDetailDemoUITests;
			productReference = 6D7628E61F4C242600D97DCB /* GoodsDetailDemoUITests.xctest */;
			productType = "com.apple.product-type.bundle.ui-testing";
		};
/* End PBXNativeTarget section */

/* Begin PBXProject section */
		6D7628BA1F4C242300D97DCB /* Project object */ = {
			isa = PBXProject;
			attributes = {
				LastUpgradeCheck = 0830;
				ORGANIZATIONNAME = fanpeng;
				TargetAttributes = {
					6D7628C11F4C242400D97DCB = {
						CreatedOnToolsVersion = 8.3.3;
						DevelopmentTeam = 287777Y9UG;
						ProvisioningStyle = Automatic;
					};
					6D7628DA1F4C242500D97DCB = {
						CreatedOnToolsVersion = 8.3.3;
						DevelopmentTeam = 287777Y9UG;
						ProvisioningStyle = Automatic;
						TestTargetID = 6D7628C11F4C242400D97DCB;
					};
					6D7628E51F4C242600D97DCB = {
						CreatedOnToolsVersion = 8.3.3;
						DevelopmentTeam = 287777Y9UG;
						ProvisioningStyle = Automatic;
						TestTargetID = 6D7628C11F4C242400D97DCB;
					};
				};
			};
			buildConfigurationList = 6D7628BD1F4C242400D97DCB /* Build configuration list for PBXProject "GoodsDetailDemo" */;
			compatibilityVersion = "Xcode 3.2";
			developmentRegion = English;
			hasScannedForEncodings = 0;
			knownRegions = (
				en,
				Base,
			);
			mainGroup = 6D7628B91F4C242300D97DCB;
			productRefGroup = 6D7628C31F4C242500D97DCB /* Products */;
			projectDirPath = "";
			projectRoot = "";
			targets = (
				6D7628C11F4C242400D97DCB /* GoodsDetailDemo */,
				6D7628DA1F4C242500D97DCB /* GoodsDetailDemoTests */,
				6D7628E51F4C242600D97DCB /* GoodsDetailDemoUITests */,
			);
		};
/* End PBXProject section */

/* Begin PBXResourcesBuildPhase section */
		6D7628C01F4C242400D97DCB /* Resources */ = {
			isa = PBXResourcesBuildPhase;
			buildActionMask = 2147483647;
			files = (
				6D7628D51F4C242500D97DCB /* LaunchScreen.storyboard in Resources */,
				6D7628D21F4C242500D97DCB /* Assets.xcassets in Resources */,
				6D7628FC1F4C271B00D97DCB /* ShopDetailController.xib in Resources */,
				6D7628D01F4C242500D97DCB /* Main.storyboard in Resources */,
			);
			runOnlyForDeploymentPostprocessing = 0;
		};
		6D7628D91F4C242500D97DCB /* Resources */ = {
			isa = PBXResourcesBuildPhase;
			buildActionMask = 2147483647;
			files = (
			);
			runOnlyForDeploymentPostprocessing = 0;
		};
		6D7628E41F4C242600D97DCB /* Resources */ = {
			isa = PBXResourcesBuildPhase;
			buildActionMask = 2147483647;
			files = (
			);
			runOnlyForDeploymentPostprocessing = 0;
		};
/* End PBXResourcesBuildPhase section */

/* Begin PBXShellScriptBuildPhase section */
		23E8D5CF9A8AC2F2F324BF41 /* [CP] Check Pods Manifest.lock */ = {
			isa = PBXShellScriptBuildPhase;
			buildActionMask = 2147483647;
			files = (
			);
			inputPaths = (
			);
			name = "[CP] Check Pods Manifest.lock";
			outputPaths = (
			);
			runOnlyForDeploymentPostprocessing = 0;
			shellPath = /bin/sh;
			shellScript = "diff \"${PODS_ROOT}/../Podfile.lock\" \"${PODS_ROOT}/Manifest.lock\" > /dev/null\nif [ $? != 0 ] ; then\n    # print error to STDERR\n    echo \"error: The sandbox is not in sync with the Podfile.lock. Run 'pod install' or update your CocoaPods installation.\" >&2\n    exit 1\nfi\n";
			showEnvVarsInLog = 0;
		};
		66A16274CE4748F598F5F0E0 /* [CP] Copy Pods Resources */ = {
			isa = PBXShellScriptBuildPhase;
			buildActionMask = 2147483647;
			files = (
			);
			inputPaths = (
			);
			name = "[CP] Copy Pods Resources";
			outputPaths = (
			);
			runOnlyForDeploymentPostprocessing = 0;
			shellPath = /bin/sh;
			shellScript = "\"${SRCROOT}/Pods/Target Support Files/Pods-GoodsDetailDemoTests/Pods-GoodsDetailDemoTests-resources.sh\"\n";
			showEnvVarsInLog = 0;
		};
		8CEAFDF97FC210E4B1BDF49C /* [CP] Copy Pods Resources */ = {
			isa = PBXShellScriptBuildPhase;
			buildActionMask = 2147483647;
			files = (
			);
			inputPaths = (
			);
			name = "[CP] Copy Pods Resources";
			outputPaths = (
			);
			runOnlyForDeploymentPostprocessing = 0;
			shellPath = /bin/sh;
			shellScript = "\"${SRCROOT}/Pods/Target Support Files/Pods-GoodsDetailDemoUITests/Pods-GoodsDetailDemoUITests-resources.sh\"\n";
			showEnvVarsInLog = 0;
		};
		B11307AD25B1E6070F2CBBB3 /* [CP] Copy Pods Resources */ = {
			isa = PBXShellScriptBuildPhase;
			buildActionMask = 2147483647;
			files = (
			);
			inputPaths = (
			);
			name = "[CP] Copy Pods Resources";
			outputPaths = (
			);
			runOnlyForDeploymentPostprocessing = 0;
			shellPath = /bin/sh;
			shellScript = "\"${SRCROOT}/Pods/Target Support Files/Pods-GoodsDetailDemo/Pods-GoodsDetailDemo-resources.sh\"\n";
			showEnvVarsInLog = 0;
		};
		B9B9216627A0D9E7F6A06A68 /* [CP] Embed Pods Frameworks */ = {
			isa = PBXShellScriptBuildPhase;
			buildActionMask = 2147483647;
			files = (
			);
			inputPaths = (
			);
			name = "[CP] Embed Pods Frameworks";
			outputPaths = (
			);
			runOnlyForDeploymentPostprocessing = 0;
			shellPath = /bin/sh;
			shellScript = "\"${SRCROOT}/Pods/Target Support Files/Pods-GoodsDetailDemo/Pods-GoodsDetailDemo-frameworks.sh\"\n";
			showEnvVarsInLog = 0;
		};
		CDC5D8071FF69FF5086A9C4B /* [CP] Check Pods Manifest.lock */ = {
			isa = PBXShellScriptBuildPhase;
			buildActionMask = 2147483647;
			files = (
			);
			inputPaths = (
			);
			name = "[CP] Check Pods Manifest.lock";
			outputPaths = (
			);
			runOnlyForDeploymentPostprocessing = 0;
			shellPath = /bin/sh;
			shellScript = "diff \"${PODS_ROOT}/../Podfile.lock\" \"${PODS_ROOT}/Manifest.lock\" > /dev/null\nif [ $? != 0 ] ; then\n    # print error to STDERR\n    echo \"error: The sandbox is not in sync with the Podfile.lock. Run 'pod install' or update your CocoaPods installation.\" >&2\n    exit 1\nfi\n";
			showEnvVarsInLog = 0;
		};
		E5D999B7729CB4644181B89C /* [CP] Embed Pods Frameworks */ = {
			isa = PBXShellScriptBuildPhase;
			buildActionMask = 2147483647;
			files = (
			);
			inputPaths = (
			);
			name = "[CP] Embed Pods Frameworks";
			outputPaths = (
			);
			runOnlyForDeploymentPostprocessing = 0;
			shellPath = /bin/sh;
			shellScript = "\"${SRCROOT}/Pods/Target Support Files/Pods-GoodsDetailDemoTests/Pods-GoodsDetailDemoTests-frameworks.sh\"\n";
			showEnvVarsInLog = 0;
		};
		EC5FB08372AE5FB8EAFC1BE6 /* [CP] Embed Pods Frameworks */ = {
			isa = PBXShellScriptBuildPhase;
			buildActionMask = 2147483647;
			files = (
			);
			inputPaths = (
			);
			name = "[CP] Embed Pods Frameworks";
			outputPaths = (
			);
			runOnlyForDeploymentPostprocessing = 0;
			shellPath = /bin/sh;
			shellScript = "\"${SRCROOT}/Pods/Target Support Files/Pods-GoodsDetailDemoUITests/Pods-GoodsDetailDemoUITests-frameworks.sh\"\n";
			showEnvVarsInLog = 0;
		};
		F4D743B5FBFA326CED11319D /* [CP] Check Pods Manifest.lock */ = {
			isa = PBXShellScriptBuildPhase;
			buildActionMask = 2147483647;
			files = (
			);
			inputPaths = (
			);
			name = "[CP] Check Pods Manifest.lock";
			outputPaths = (
			);
			runOnlyForDeploymentPostprocessing = 0;
			shellPath = /bin/sh;
			shellScript = "diff \"${PODS_ROOT}/../Podfile.lock\" \"${PODS_ROOT}/Manifest.lock\" > /dev/null\nif [ $? != 0 ] ; then\n    # print error to STDERR\n    echo \"error: The sandbox is not in sync with the Podfile.lock. Run 'pod install' or update your CocoaPods installation.\" >&2\n    exit 1\nfi\n";
			showEnvVarsInLog = 0;
		};
/* End PBXShellScriptBuildPhase section */

/* Begin PBXSourcesBuildPhase section */
		6D7628BE1F4C242400D97DCB /* Sources */ = {
			isa = PBXSourcesBuildPhase;
			buildActionMask = 2147483647;
			files = (
				6D7629021F4C28B800D97DCB /* FPCycleScrollView.m in Sources */,
				6D7628CD1F4C242500D97DCB /* ViewController.m in Sources */,
				6D7628FF1F4C288300D97DCB /* CXWebView.m in Sources */,
				6D7628CA1F4C242500D97DCB /* AppDelegate.m in Sources */,
				6D76290B1F4C3EE500D97DCB /* CustomNavView.m in Sources */,
				6D7629081F4C2A5F00D97DCB /* UIColor+Hex.m in Sources */,
				6D7628FB1F4C271B00D97DCB /* ShopDetailController.m in Sources */,
				6D7628C71F4C242500D97DCB /* main.m in Sources */,
			);
			runOnlyForDeploymentPostprocessing = 0;
		};
		6D7628D71F4C242500D97DCB /* Sources */ = {
			isa = PBXSourcesBuildPhase;
			buildActionMask = 2147483647;
			files = (
				6D7628E01F4C242600D97DCB /* GoodsDetailDemoTests.m in Sources */,
			);
			runOnlyForDeploymentPostprocessing = 0;
		};
		6D7628E21F4C242600D97DCB /* Sources */ = {
			isa = PBXSourcesBuildPhase;
			buildActionMask = 2147483647;
			files = (
				6D7628EB1F4C242600D97DCB /* GoodsDetailDemoUITests.m in Sources */,
			);
			runOnlyForDeploymentPostprocessing = 0;
		};
/* End PBXSourcesBuildPhase section */

/* Begin PBXTargetDependency section */
		6D7628DD1F4C242500D97DCB /* PBXTargetDependency */ = {
			isa = PBXTargetDependency;
			target = 6D7628C11F4C242400D97DCB /* GoodsDetailDemo */;
			targetProxy = 6D7628DC1F4C242500D97DCB /* PBXContainerItemProxy */;
		};
		6D7628E81F4C242600D97DCB /* PBXTargetDependency */ = {
			isa = PBXTargetDependency;
			target = 6D7628C11F4C242400D97DCB /* GoodsDetailDemo */;
			targetProxy = 6D7628E71F4C242600D97DCB /* PBXContainerItemProxy */;
		};
/* End PBXTargetDependency section */

/* Begin PBXVariantGroup section */
		6D7628CE1F4C242500D97DCB /* Main.storyboard */ = {
			isa = PBXVariantGroup;
			children = (
				6D7628CF1F4C242500D97DCB /* Base */,
			);
			name = Main.storyboard;
			sourceTree = "<group>";
		};
		6D7628D31F4C242500D97DCB /* LaunchScreen.storyboard */ = {
			isa = PBXVariantGroup;
			children = (
				6D7628D41F4C242500D97DCB /* Base */,
			);
			name = LaunchScreen.storyboard;
			sourceTree = "<group>";
		};
/* End PBXVariantGroup section */

/* Begin XCBuildConfiguration section */
		6D7628ED1F4C242600D97DCB /* Debug */ = {
			isa = XCBuildConfiguration;
			buildSettings = {
				ALWAYS_SEARCH_USER_PATHS = NO;
				CLANG_ANALYZER_NONNULL = YES;
				CLANG_ANALYZER_NUMBER_OBJECT_CONVERSION = YES_AGGRESSIVE;
				CLANG_CXX_LANGUAGE_STANDARD = "gnu++0x";
				CLANG_CXX_LIBRARY = "libc++";
				CLANG_ENABLE_MODULES = YES;
				CLANG_ENABLE_OBJC_ARC = YES;
				CLANG_WARN_BOOL_CONVERSION = YES;
				CLANG_WARN_CONSTANT_CONVERSION = YES;
				CLANG_WARN_DIRECT_OBJC_ISA_USAGE = YES_ERROR;
				CLANG_WARN_DOCUMENTATION_COMMENTS = YES;
				CLANG_WARN_EMPTY_BODY = YES;
				CLANG_WARN_ENUM_CONVERSION = YES;
				CLANG_WARN_INFINITE_RECURSION = YES;
				CLANG_WARN_INT_CONVERSION = YES;
				CLANG_WARN_OBJC_ROOT_CLASS = YES_ERROR;
				CLANG_WARN_SUSPICIOUS_MOVE = YES;
				CLANG_WARN_UNREACHABLE_CODE = YES;
				CLANG_WARN__DUPLICATE_METHOD_MATCH = YES;
				"CODE_SIGN_IDENTITY[sdk=iphoneos*]" = "iPhone Developer";
				COPY_PHASE_STRIP = NO;
				DEBUG_INFORMATION_FORMAT = dwarf;
				ENABLE_STRICT_OBJC_MSGSEND = YES;
				ENABLE_TESTABILITY = YES;
				GCC_C_LANGUAGE_STANDARD = gnu99;
				GCC_DYNAMIC_NO_PIC = NO;
				GCC_NO_COMMON_BLOCKS = YES;
				GCC_OPTIMIZATION_LEVEL = 0;
				GCC_PREPROCESSOR_DEFINITIONS = (
					"DEBUG=1",
					"$(inherited)",
				);
				GCC_WARN_64_TO_32_BIT_CONVERSION = YES;
				GCC_WARN_ABOUT_RETURN_TYPE = YES_ERROR;
				GCC_WARN_UNDECLARED_SELECTOR = YES;
				GCC_WARN_UNINITIALIZED_AUTOS = YES_AGGRESSIVE;
				GCC_WARN_UNUSED_FUNCTION = YES;
				GCC_WARN_UNUSED_VARIABLE = YES;
				IPHONEOS_DEPLOYMENT_TARGET = 10.3;
				MTL_ENABLE_DEBUG_INFO = YES;
				ONLY_ACTIVE_ARCH = YES;
				SDKROOT = iphoneos;
			};
			name = Debug;
		};
		6D7628EE1F4C242600D97DCB /* Release */ = {
			isa = XCBuildConfiguration;
			buildSettings = {
				ALWAYS_SEARCH_USER_PATHS = NO;
				CLANG_ANALYZER_NONNULL = YES;
				CLANG_ANALYZER_NUMBER_OBJECT_CONVERSION = YES_AGGRESSIVE;
				CLANG_CXX_LANGUAGE_STANDARD = "gnu++0x";
				CLANG_CXX_LIBRARY = "libc++";
				CLANG_ENABLE_MODULES = YES;
				CLANG_ENABLE_OBJC_ARC = YES;
				CLANG_WARN_BOOL_CONVERSION = YES;
				CLANG_WARN_CONSTANT_CONVERSION = YES;
				CLANG_WARN_DIRECT_OBJC_ISA_USAGE = YES_ERROR;
				CLANG_WARN_DOCUMENTATION_COMMENTS = YES;
				CLANG_WARN_EMPTY_BODY = YES;
				CLANG_WARN_ENUM_CONVERSION = YES;
				CLANG_WARN_INFINITE_RECURSION = YES;
				CLANG_WARN_INT_CONVERSION = YES;
				CLANG_WARN_OBJC_ROOT_CLASS = YES_ERROR;
				CLANG_WARN_SUSPICIOUS_MOVE = YES;
				CLANG_WARN_UNREACHABLE_CODE = YES;
				CLANG_WARN__DUPLICATE_METHOD_MATCH = YES;
				"CODE_SIGN_IDENTITY[sdk=iphoneos*]" = "iPhone Developer";
				COPY_PHASE_STRIP = NO;
				DEBUG_INFORMATION_FORMAT = "dwarf-with-dsym";
				ENABLE_NS_ASSERTIONS = NO;
				ENABLE_STRICT_OBJC_MSGSEND = YES;
				GCC_C_LANGUAGE_STANDARD = gnu99;
				GCC_NO_COMMON_BLOCKS = YES;
				GCC_WARN_64_TO_32_BIT_CONVERSION = YES;
				GCC_WARN_ABOUT_RETURN_TYPE = YES_ERROR;
				GCC_WARN_UNDECLARED_SELECTOR = YES;
				GCC_WARN_UNINITIALIZED_AUTOS = YES_AGGRESSIVE;
				GCC_WARN_UNUSED_FUNCTION = YES;
				GCC_WARN_UNUSED_VARIABLE = YES;
				IPHONEOS_DEPLOYMENT_TARGET = 10.3;
				MTL_ENABLE_DEBUG_INFO = NO;
				SDKROOT = iphoneos;
				VALIDATE_PRODUCT = YES;
			};
			name = Release;
		};
		6D7628F01F4C242600D97DCB /* Debug */ = {
			isa = XCBuildConfiguration;
			baseConfigurationReference = 1612566B894548F27C250943 /* Pods-GoodsDetailDemo.debug.xcconfig */;
			buildSettings = {
				ASSETCATALOG_COMPILER_APPICON_NAME = AppIcon;
				DEVELOPMENT_TEAM = 287777Y9UG;
				INFOPLIST_FILE = GoodsDetailDemo/Info.plist;
				LD_RUNPATH_SEARCH_PATHS = "$(inherited) @executable_path/Frameworks";
				PRODUCT_BUNDLE_IDENTIFIER = com.BGT.GoodsDetailDemo;
				PRODUCT_NAME = "$(TARGET_NAME)";
			};
			name = Debug;
		};
		6D7628F11F4C242600D97DCB /* Release */ = {
			isa = XCBuildConfiguration;
			baseConfigurationReference = 32422D9B5B7F3B758B57E801 /* Pods-GoodsDetailDemo.release.xcconfig */;
			buildSettings = {
				ASSETCATALOG_COMPILER_APPICON_NAME = AppIcon;
				DEVELOPMENT_TEAM = 287777Y9UG;
				INFOPLIST_FILE = GoodsDetailDemo/Info.plist;
				LD_RUNPATH_SEARCH_PATHS = "$(inherited) @executable_path/Frameworks";
				PRODUCT_BUNDLE_IDENTIFIER = com.BGT.GoodsDetailDemo;
				PRODUCT_NAME = "$(TARGET_NAME)";
			};
			name = Release;
		};
		6D7628F31F4C242600D97DCB /* Debug */ = {
			isa = XCBuildConfiguration;
			baseConfigurationReference = 0E845D46728E8FD71430B3CB /* Pods-GoodsDetailDemoTests.debug.xcconfig */;
			buildSettings = {
				BUNDLE_LOADER = "$(TEST_HOST)";
				DEVELOPMENT_TEAM = 287777Y9UG;
				INFOPLIST_FILE = GoodsDetailDemoTests/Info.plist;
				LD_RUNPATH_SEARCH_PATHS = "$(inherited) @executable_path/Frameworks @loader_path/Frameworks";
				PRODUCT_BUNDLE_IDENTIFIER = com.BGT.GoodsDetailDemoTests;
				PRODUCT_NAME = "$(TARGET_NAME)";
				TEST_HOST = "$(BUILT_PRODUCTS_DIR)/GoodsDetailDemo.app/GoodsDetailDemo";
			};
			name = Debug;
		};
		6D7628F41F4C242600D97DCB /* Release */ = {
			isa = XCBuildConfiguration;
			baseConfigurationReference = 23A4D43BC79D3A53F70B4CD1 /* Pods-GoodsDetailDemoTests.release.xcconfig */;
			buildSettings = {
				BUNDLE_LOADER = "$(TEST_HOST)";
				DEVELOPMENT_TEAM = 287777Y9UG;
				INFOPLIST_FILE = GoodsDetailDemoTests/Info.plist;
				LD_RUNPATH_SEARCH_PATHS = "$(inherited) @executable_path/Frameworks @loader_path/Frameworks";
				PRODUCT_BUNDLE_IDENTIFIER = com.BGT.GoodsDetailDemoTests;
				PRODUCT_NAME = "$(TARGET_NAME)";
				TEST_HOST = "$(BUILT_PRODUCTS_DIR)/GoodsDetailDemo.app/GoodsDetailDemo";
			};
			name = Release;
		};
		6D7628F61F4C242600D97DCB /* Debug */ = {
			isa = XCBuildConfiguration;
			baseConfigurationReference = C24AA9D7195491B796DAA5BC /* Pods-GoodsDetailDemoUITests.debug.xcconfig */;
			buildSettings = {
				DEVELOPMENT_TEAM = 287777Y9UG;
				INFOPLIST_FILE = GoodsDetailDemoUITests/Info.plist;
				LD_RUNPATH_SEARCH_PATHS = "$(inherited) @executable_path/Frameworks @loader_path/Frameworks";
				PRODUCT_BUNDLE_IDENTIFIER = com.BGT.GoodsDetailDemoUITests;
				PRODUCT_NAME = "$(TARGET_NAME)";
				TEST_TARGET_NAME = GoodsDetailDemo;
			};
			name = Debug;
		};
		6D7628F71F4C242600D97DCB /* Release */ = {
			isa = XCBuildConfiguration;
			baseConfigurationReference = 77F5D464C59E629DDD9BDD26 /* Pods-GoodsDetailDemoUITests.release.xcconfig */;
			buildSettings = {
				DEVELOPMENT_TEAM = 287777Y9UG;
				INFOPLIST_FILE = GoodsDetailDemoUITests/Info.plist;
				LD_RUNPATH_SEARCH_PATHS = "$(inherited) @executable_path/Frameworks @loader_path/Frameworks";
				PRODUCT_BUNDLE_IDENTIFIER = com.BGT.GoodsDetailDemoUITests;
				PRODUCT_NAME = "$(TARGET_NAME)";
				TEST_TARGET_NAME = GoodsDetailDemo;
			};
			name = Release;
		};
/* End XCBuildConfiguration section */

/* Begin XCConfigurationList section */
		6D7628BD1F4C242400D97DCB /* Build configuration list for PBXProject "GoodsDetailDemo" */ = {
			isa = XCConfigurationList;
			buildConfigurations = (
				6D7628ED1F4C242600D97DCB /* Debug */,
				6D7628EE1F4C242600D97DCB /* Release */,
			);
			defaultConfigurationIsVisible = 0;
			defaultConfigurationName = Release;
		};
		6D7628EF1F4C242600D97DCB /* Build configuration list for PBXNativeTarget "GoodsDetailDemo" */ = {
			isa = XCConfigurationList;
			buildConfigurations = (
				6D7628F01F4C242600D97DCB /* Debug */,
				6D7628F11F4C242600D97DCB /* Release */,
			);
			defaultConfigurationIsVisible = 0;
			defaultConfigurationName = Release;
		};
		6D7628F21F4C242600D97DCB /* Build configuration list for PBXNativeTarget "GoodsDetailDemoTests" */ = {
			isa = XCConfigurationList;
			buildConfigurations = (
				6D7628F31F4C242600D97DCB /* Debug */,
				6D7628F41F4C242600D97DCB /* Release */,
			);
			defaultConfigurationIsVisible = 0;
			defaultConfigurationName = Release;
		};
		6D7628F51F4C242600D97DCB /* Build configuration list for PBXNativeTarget "GoodsDetailDemoUITests" */ = {
			isa = XCConfigurationList;
			buildConfigurations = (
				6D7628F61F4C242600D97DCB /* Debug */,
				6D7628F71F4C242600D97DCB /* Release */,
			);
			defaultConfigurationIsVisible = 0;
			defaultConfigurationName = Release;
		};
/* End XCConfigurationList section */
	};
	rootObject = 6D7628BA1F4C242300D97DCB /* Project object */;
}
